// !$*UTF8*$!
{
	archiveVersion = 1;
	classes = {
	};
	objectVersion = 55;
	objects = {

/* Begin PBXBuildFile section */
		F38558EA2A32683600482C10 /* CompanyProfileViewModalTests.swift in Sources */ = {isa = PBXBuildFile; fileRef = F38558E92A32683600482C10 /* CompanyProfileViewModalTests.swift */; };
		F3DB48022A2E2EE400AF80AA /* AppDelegate.swift in Sources */ = {isa = PBXBuildFile; fileRef = F3DB48012A2E2EE400AF80AA /* AppDelegate.swift */; };
		F3DB48042A2E2EE400AF80AA /* SceneDelegate.swift in Sources */ = {isa = PBXBuildFile; fileRef = F3DB48032A2E2EE400AF80AA /* SceneDelegate.swift */; };
		F3DB480B2A2E2EE800AF80AA /* Assets.xcassets in Resources */ = {isa = PBXBuildFile; fileRef = F3DB480A2A2E2EE800AF80AA /* Assets.xcassets */; };
		F3DB480E2A2E2EE800AF80AA /* LaunchScreen.storyboard in Resources */ = {isa = PBXBuildFile; fileRef = F3DB480C2A2E2EE800AF80AA /* LaunchScreen.storyboard */; };
		F3DB48232A2E2EE800AF80AA /* Trading_AppUITests.swift in Sources */ = {isa = PBXBuildFile; fileRef = F3DB48222A2E2EE800AF80AA /* Trading_AppUITests.swift */; };
		F3DB48252A2E2EE800AF80AA /* Trading_AppUITestsLaunchTests.swift in Sources */ = {isa = PBXBuildFile; fileRef = F3DB48242A2E2EE800AF80AA /* Trading_AppUITestsLaunchTests.swift */; };
		F3E776892A2F35340053EFE4 /* WebSocketClient.swift in Sources */ = {isa = PBXBuildFile; fileRef = F3E776882A2F35340053EFE4 /* WebSocketClient.swift */; };
		F3E776902A2F3D620053EFE4 /* MainTableViewCell.swift in Sources */ = {isa = PBXBuildFile; fileRef = F3E7768F2A2F3D620053EFE4 /* MainTableViewCell.swift */; };
		F3E776932A2F4CF40053EFE4 /* CompanyListViewModel.swift in Sources */ = {isa = PBXBuildFile; fileRef = F3E776922A2F4CF40053EFE4 /* CompanyListViewModel.swift */; };
		F3E776962A2F4D3C0053EFE4 /* Modals.swift in Sources */ = {isa = PBXBuildFile; fileRef = F3E776952A2F4D3C0053EFE4 /* Modals.swift */; };
		F3E776982A2F70CD0053EFE4 /* CompanyListCellViewModal.swift in Sources */ = {isa = PBXBuildFile; fileRef = F3E776972A2F70CD0053EFE4 /* CompanyListCellViewModal.swift */; };
		F3E7769A2A2F8F420053EFE4 /* CompanyListViewModelTests.swift in Sources */ = {isa = PBXBuildFile; fileRef = F3E776992A2F8F420053EFE4 /* CompanyListViewModelTests.swift */; };
		F3E7769C2A2F91F30053EFE4 /* CompanyListCellViewModelTests.swift in Sources */ = {isa = PBXBuildFile; fileRef = F3E7769B2A2F91F30053EFE4 /* CompanyListCellViewModelTests.swift */; };
		F3E7769E2A2FA04F0053EFE4 /* CompanyProfileViewModal.swift in Sources */ = {isa = PBXBuildFile; fileRef = F3E7769D2A2FA04F0053EFE4 /* CompanyProfileViewModal.swift */; };
		F3E776A32A2FA1EA0053EFE4 /* MainScreenViewController.swift in Sources */ = {isa = PBXBuildFile; fileRef = F3E776A22A2FA1EA0053EFE4 /* MainScreenViewController.swift */; };
		F3E776A62A2FA2660053EFE4 /* CompanyProfileViewController.swift in Sources */ = {isa = PBXBuildFile; fileRef = F3E776A52A2FA2660053EFE4 /* CompanyProfileViewController.swift */; };
		F3E776A92A307FBF0053EFE4 /* NetworkManager in Frameworks */ = {isa = PBXBuildFile; productRef = F3E776A82A307FBF0053EFE4 /* NetworkManager */; };
		F3E776AC2A311BED0053EFE4 /* Utility.swift in Sources */ = {isa = PBXBuildFile; fileRef = F3E776AB2A311BED0053EFE4 /* Utility.swift */; };
		F3E776AE2A31235C0053EFE4 /* UtilityTests.swift in Sources */ = {isa = PBXBuildFile; fileRef = F3E776AD2A31235C0053EFE4 /* UtilityTests.swift */; };
		F3E776B12A31CD950053EFE4 /* Starscream in Frameworks */ = {isa = PBXBuildFile; productRef = F3E776B02A31CD950053EFE4 /* Starscream */; };
		F3E776B42A31D28A0053EFE4 /* Constants.swift in Sources */ = {isa = PBXBuildFile; fileRef = F3E776B32A31D28A0053EFE4 /* Constants.swift */; };
/* End PBXBuildFile section */

/* Begin PBXContainerItemProxy section */
		F3DB48152A2E2EE800AF80AA /* PBXContainerItemProxy */ = {
			isa = PBXContainerItemProxy;
			containerPortal = F3DB47F62A2E2EE400AF80AA /* Project object */;
			proxyType = 1;
			remoteGlobalIDString = F3DB47FD2A2E2EE400AF80AA;
			remoteInfo = "Trading App";
		};
		F3DB481F2A2E2EE800AF80AA /* PBXContainerItemProxy */ = {
			isa = PBXContainerItemProxy;
			containerPortal = F3DB47F62A2E2EE400AF80AA /* Project object */;
			proxyType = 1;
			remoteGlobalIDString = F3DB47FD2A2E2EE400AF80AA;
			remoteInfo = "Trading App";
		};
/* End PBXContainerItemProxy section */

/* Begin PBXFileReference section */
		F38558E92A32683600482C10 /* CompanyProfileViewModalTests.swift */ = {isa = PBXFileReference; lastKnownFileType = sourcecode.swift; path = CompanyProfileViewModalTests.swift; sourceTree = "<group>"; };
		F3DB47FE2A2E2EE400AF80AA /* Trading App.app */ = {isa = PBXFileReference; explicitFileType = wrapper.application; includeInIndex = 0; path = "Trading App.app"; sourceTree = BUILT_PRODUCTS_DIR; };
		F3DB48012A2E2EE400AF80AA /* AppDelegate.swift */ = {isa = PBXFileReference; lastKnownFileType = sourcecode.swift; path = AppDelegate.swift; sourceTree = "<group>"; };
		F3DB48032A2E2EE400AF80AA /* SceneDelegate.swift */ = {isa = PBXFileReference; lastKnownFileType = sourcecode.swift; path = SceneDelegate.swift; sourceTree = "<group>"; };
		F3DB480A2A2E2EE800AF80AA /* Assets.xcassets */ = {isa = PBXFileReference; lastKnownFileType = folder.assetcatalog; path = Assets.xcassets; sourceTree = "<group>"; };
		F3DB480D2A2E2EE800AF80AA /* Base */ = {isa = PBXFileReference; lastKnownFileType = file.storyboard; name = Base; path = Base.lproj/LaunchScreen.storyboard; sourceTree = "<group>"; };
		F3DB480F2A2E2EE800AF80AA /* Info.plist */ = {isa = PBXFileReference; lastKnownFileType = text.plist.xml; path = Info.plist; sourceTree = "<group>"; };
		F3DB48142A2E2EE800AF80AA /* Trading AppTests.xctest */ = {isa = PBXFileReference; explicitFileType = wrapper.cfbundle; includeInIndex = 0; path = "Trading AppTests.xctest"; sourceTree = BUILT_PRODUCTS_DIR; };
		F3DB481E2A2E2EE800AF80AA /* Trading AppUITests.xctest */ = {isa = PBXFileReference; explicitFileType = wrapper.cfbundle; includeInIndex = 0; path = "Trading AppUITests.xctest"; sourceTree = BUILT_PRODUCTS_DIR; };
		F3DB48222A2E2EE800AF80AA /* Trading_AppUITests.swift */ = {isa = PBXFileReference; lastKnownFileType = sourcecode.swift; path = Trading_AppUITests.swift; sourceTree = "<group>"; };
		F3DB48242A2E2EE800AF80AA /* Trading_AppUITestsLaunchTests.swift */ = {isa = PBXFileReference; lastKnownFileType = sourcecode.swift; path = Trading_AppUITestsLaunchTests.swift; sourceTree = "<group>"; };
		F3E776882A2F35340053EFE4 /* WebSocketClient.swift */ = {isa = PBXFileReference; lastKnownFileType = sourcecode.swift; path = WebSocketClient.swift; sourceTree = "<group>"; };
		F3E7768F2A2F3D620053EFE4 /* MainTableViewCell.swift */ = {isa = PBXFileReference; lastKnownFileType = sourcecode.swift; path = MainTableViewCell.swift; sourceTree = "<group>"; };
		F3E776922A2F4CF40053EFE4 /* CompanyListViewModel.swift */ = {isa = PBXFileReference; lastKnownFileType = sourcecode.swift; path = CompanyListViewModel.swift; sourceTree = "<group>"; };
		F3E776952A2F4D3C0053EFE4 /* Modals.swift */ = {isa = PBXFileReference; lastKnownFileType = sourcecode.swift; path = Modals.swift; sourceTree = "<group>"; };
		F3E776972A2F70CD0053EFE4 /* CompanyListCellViewModal.swift */ = {isa = PBXFileReference; lastKnownFileType = sourcecode.swift; path = CompanyListCellViewModal.swift; sourceTree = "<group>"; };
		F3E776992A2F8F420053EFE4 /* CompanyListViewModelTests.swift */ = {isa = PBXFileReference; lastKnownFileType = sourcecode.swift; path = CompanyListViewModelTests.swift; sourceTree = "<group>"; };
		F3E7769B2A2F91F30053EFE4 /* CompanyListCellViewModelTests.swift */ = {isa = PBXFileReference; lastKnownFileType = sourcecode.swift; path = CompanyListCellViewModelTests.swift; sourceTree = "<group>"; };
		F3E7769D2A2FA04F0053EFE4 /* CompanyProfileViewModal.swift */ = {isa = PBXFileReference; lastKnownFileType = sourcecode.swift; path = CompanyProfileViewModal.swift; sourceTree = "<group>"; };
		F3E776A22A2FA1EA0053EFE4 /* MainScreenViewController.swift */ = {isa = PBXFileReference; fileEncoding = 4; lastKnownFileType = sourcecode.swift; path = MainScreenViewController.swift; sourceTree = "<group>"; };
		F3E776A52A2FA2660053EFE4 /* CompanyProfileViewController.swift */ = {isa = PBXFileReference; lastKnownFileType = sourcecode.swift; path = CompanyProfileViewController.swift; sourceTree = "<group>"; };
		F3E776AB2A311BED0053EFE4 /* Utility.swift */ = {isa = PBXFileReference; lastKnownFileType = sourcecode.swift; path = Utility.swift; sourceTree = "<group>"; };
		F3E776AD2A31235C0053EFE4 /* UtilityTests.swift */ = {isa = PBXFileReference; lastKnownFileType = sourcecode.swift; path = UtilityTests.swift; sourceTree = "<group>"; };
		F3E776B32A31D28A0053EFE4 /* Constants.swift */ = {isa = PBXFileReference; lastKnownFileType = sourcecode.swift; path = Constants.swift; sourceTree = "<group>"; };
/* End PBXFileReference section */

/* Begin PBXFrameworksBuildPhase section */
		F3DB47FB2A2E2EE400AF80AA /* Frameworks */ = {
			isa = PBXFrameworksBuildPhase;
			buildActionMask = 2147483647;
			files = (
				F3E776A92A307FBF0053EFE4 /* NetworkManager in Frameworks */,
				F3E776B12A31CD950053EFE4 /* Starscream in Frameworks */,
			);
			runOnlyForDeploymentPostprocessing = 0;
		};
		F3DB48112A2E2EE800AF80AA /* Frameworks */ = {
			isa = PBXFrameworksBuildPhase;
			buildActionMask = 2147483647;
			files = (
			);
			runOnlyForDeploymentPostprocessing = 0;
		};
		F3DB481B2A2E2EE800AF80AA /* Frameworks */ = {
			isa = PBXFrameworksBuildPhase;
			buildActionMask = 2147483647;
			files = (
			);
			runOnlyForDeploymentPostprocessing = 0;
		};
/* End PBXFrameworksBuildPhase section */

/* Begin PBXGroup section */
		F3DB47F52A2E2EE400AF80AA = {
			isa = PBXGroup;
			children = (
				F3DB48002A2E2EE400AF80AA /* Trading App */,
				F3DB48172A2E2EE800AF80AA /* Trading AppTests */,
				F3DB48212A2E2EE800AF80AA /* Trading AppUITests */,
				F3DB47FF2A2E2EE400AF80AA /* Products */,
			);
			sourceTree = "<group>";
		};
		F3DB47FF2A2E2EE400AF80AA /* Products */ = {
			isa = PBXGroup;
			children = (
				F3DB47FE2A2E2EE400AF80AA /* Trading App.app */,
				F3DB48142A2E2EE800AF80AA /* Trading AppTests.xctest */,
				F3DB481E2A2E2EE800AF80AA /* Trading AppUITests.xctest */,
			);
			name = Products;
			sourceTree = "<group>";
		};
		F3DB48002A2E2EE400AF80AA /* Trading App */ = {
			isa = PBXGroup;
			children = (
				F3E776B22A31D2790053EFE4 /* Constants */,
				F3E776AA2A311BCD0053EFE4 /* Utils */,
				F3E776942A2F4D1C0053EFE4 /* Modals */,
				F3E776912A2F4CCD0053EFE4 /* ViewModal */,
				F3E7768E2A2F3CAB0053EFE4 /* CellClasses */,
				F3E776A12A2FA1EA0053EFE4 /* MainScreen */,
				F3E776A42A2FA2140053EFE4 /* CompanyProfile */,
				F3DB48012A2E2EE400AF80AA /* AppDelegate.swift */,
				F3DB48032A2E2EE400AF80AA /* SceneDelegate.swift */,
				F3DB480A2A2E2EE800AF80AA /* Assets.xcassets */,
				F3DB480C2A2E2EE800AF80AA /* LaunchScreen.storyboard */,
				F3DB480F2A2E2EE800AF80AA /* Info.plist */,
				F3E7768A2A2F36590053EFE4 /* WebSocketClient */,
			);
			path = "Trading App";
			sourceTree = "<group>";
		};
		F3DB48172A2E2EE800AF80AA /* Trading AppTests */ = {
			isa = PBXGroup;
			children = (
				F3E776992A2F8F420053EFE4 /* CompanyListViewModelTests.swift */,
				F3E7769B2A2F91F30053EFE4 /* CompanyListCellViewModelTests.swift */,
				F3E776AD2A31235C0053EFE4 /* UtilityTests.swift */,
				F38558E92A32683600482C10 /* CompanyProfileViewModalTests.swift */,
			);
			path = "Trading AppTests";
			sourceTree = "<group>";
		};
		F3DB48212A2E2EE800AF80AA /* Trading AppUITests */ = {
			isa = PBXGroup;
			children = (
				F3DB48222A2E2EE800AF80AA /* Trading_AppUITests.swift */,
				F3DB48242A2E2EE800AF80AA /* Trading_AppUITestsLaunchTests.swift */,
			);
			path = "Trading AppUITests";
			sourceTree = "<group>";
		};
		F3E7768A2A2F36590053EFE4 /* WebSocketClient */ = {
			isa = PBXGroup;
			children = (
				F3E776882A2F35340053EFE4 /* WebSocketClient.swift */,
			);
			path = WebSocketClient;
			sourceTree = "<group>";
		};
		F3E7768E2A2F3CAB0053EFE4 /* CellClasses */ = {
			isa = PBXGroup;
			children = (
				F3E7768F2A2F3D620053EFE4 /* MainTableViewCell.swift */,
			);
			path = CellClasses;
			sourceTree = "<group>";
		};
		F3E776912A2F4CCD0053EFE4 /* ViewModal */ = {
			isa = PBXGroup;
			children = (
				F3E776922A2F4CF40053EFE4 /* CompanyListViewModel.swift */,
				F3E776972A2F70CD0053EFE4 /* CompanyListCellViewModal.swift */,
				F3E7769D2A2FA04F0053EFE4 /* CompanyProfileViewModal.swift */,
			);
			path = ViewModal;
			sourceTree = "<group>";
		};
		F3E776942A2F4D1C0053EFE4 /* Modals */ = {
			isa = PBXGroup;
			children = (
				F3E776952A2F4D3C0053EFE4 /* Modals.swift */,
			);
			path = Modals;
			sourceTree = "<group>";
		};
		F3E776A12A2FA1EA0053EFE4 /* MainScreen */ = {
			isa = PBXGroup;
			children = (
				F3E776A22A2FA1EA0053EFE4 /* MainScreenViewController.swift */,
			);
			path = MainScreen;
			sourceTree = "<group>";
		};
		F3E776A42A2FA2140053EFE4 /* CompanyProfile */ = {
			isa = PBXGroup;
			children = (
				F3E776A52A2FA2660053EFE4 /* CompanyProfileViewController.swift */,
			);
			path = CompanyProfile;
			sourceTree = "<group>";
		};
		F3E776AA2A311BCD0053EFE4 /* Utils */ = {
			isa = PBXGroup;
			children = (
				F3E776AB2A311BED0053EFE4 /* Utility.swift */,
			);
			path = Utils;
			sourceTree = "<group>";
		};
		F3E776B22A31D2790053EFE4 /* Constants */ = {
			isa = PBXGroup;
			children = (
				F3E776B32A31D28A0053EFE4 /* Constants.swift */,
			);
			path = Constants;
			sourceTree = "<group>";
		};
/* End PBXGroup section */

/* Begin PBXNativeTarget section */
		F3DB47FD2A2E2EE400AF80AA /* Trading App */ = {
			isa = PBXNativeTarget;
			buildConfigurationList = F3DB48282A2E2EE800AF80AA /* Build configuration list for PBXNativeTarget "Trading App" */;
			buildPhases = (
				F3DB47FA2A2E2EE400AF80AA /* Sources */,
				F3DB47FB2A2E2EE400AF80AA /* Frameworks */,
				F3DB47FC2A2E2EE400AF80AA /* Resources */,
			);
			buildRules = (
			);
			dependencies = (
			);
			name = "Trading App";
			packageProductDependencies = (
				F3E776A82A307FBF0053EFE4 /* NetworkManager */,
				F3E776B02A31CD950053EFE4 /* Starscream */,
			);
			productName = "Trading App";
			productReference = F3DB47FE2A2E2EE400AF80AA /* Trading App.app */;
			productType = "com.apple.product-type.application";
		};
		F3DB48132A2E2EE800AF80AA /* Trading AppTests */ = {
			isa = PBXNativeTarget;
			buildConfigurationList = F3DB482B2A2E2EE800AF80AA /* Build configuration list for PBXNativeTarget "Trading AppTests" */;
			buildPhases = (
				F3DB48102A2E2EE800AF80AA /* Sources */,
				F3DB48112A2E2EE800AF80AA /* Frameworks */,
				F3DB48122A2E2EE800AF80AA /* Resources */,
			);
			buildRules = (
			);
			dependencies = (
				F3DB48162A2E2EE800AF80AA /* PBXTargetDependency */,
			);
			name = "Trading AppTests";
			productName = "Trading AppTests";
			productReference = F3DB48142A2E2EE800AF80AA /* Trading AppTests.xctest */;
			productType = "com.apple.product-type.bundle.unit-test";
		};
		F3DB481D2A2E2EE800AF80AA /* Trading AppUITests */ = {
			isa = PBXNativeTarget;
			buildConfigurationList = F3DB482E2A2E2EE800AF80AA /* Build configuration list for PBXNativeTarget "Trading AppUITests" */;
			buildPhases = (
				F3DB481A2A2E2EE800AF80AA /* Sources */,
				F3DB481B2A2E2EE800AF80AA /* Frameworks */,
				F3DB481C2A2E2EE800AF80AA /* Resources */,
			);
			buildRules = (
			);
			dependencies = (
				F3DB48202A2E2EE800AF80AA /* PBXTargetDependency */,
			);
			name = "Trading AppUITests";
			productName = "Trading AppUITests";
			productReference = F3DB481E2A2E2EE800AF80AA /* Trading AppUITests.xctest */;
			productType = "com.apple.product-type.bundle.ui-testing";
		};
/* End PBXNativeTarget section */

/* Begin PBXProject section */
		F3DB47F62A2E2EE400AF80AA /* Project object */ = {
			isa = PBXProject;
			attributes = {
				BuildIndependentTargetsInParallel = 1;
				LastSwiftUpdateCheck = 1420;
				LastUpgradeCheck = 1420;
				TargetAttributes = {
					F3DB47FD2A2E2EE400AF80AA = {
						CreatedOnToolsVersion = 14.2;
					};
					F3DB48132A2E2EE800AF80AA = {
						CreatedOnToolsVersion = 14.2;
						TestTargetID = F3DB47FD2A2E2EE400AF80AA;
					};
					F3DB481D2A2E2EE800AF80AA = {
						CreatedOnToolsVersion = 14.2;
						TestTargetID = F3DB47FD2A2E2EE400AF80AA;
					};
				};
			};
			buildConfigurationList = F3DB47F92A2E2EE400AF80AA /* Build configuration list for PBXProject "Trading App" */;
			compatibilityVersion = "Xcode 13.0";
			developmentRegion = en;
			hasScannedForEncodings = 0;
			knownRegions = (
				en,
				Base,
			);
			mainGroup = F3DB47F52A2E2EE400AF80AA;
			packageReferences = (
				F3E776A72A307FBF0053EFE4 /* XCRemoteSwiftPackageReference "NetworkManager" */,
				F3E776AF2A31CD950053EFE4 /* XCRemoteSwiftPackageReference "Starscream" */,
			);
			productRefGroup = F3DB47FF2A2E2EE400AF80AA /* Products */;
			projectDirPath = "";
			projectRoot = "";
			targets = (
				F3DB47FD2A2E2EE400AF80AA /* Trading App */,
				F3DB48132A2E2EE800AF80AA /* Trading AppTests */,
				F3DB481D2A2E2EE800AF80AA /* Trading AppUITests */,
			);
		};
/* End PBXProject section */

/* Begin PBXResourcesBuildPhase section */
		F3DB47FC2A2E2EE400AF80AA /* Resources */ = {
			isa = PBXResourcesBuildPhase;
			buildActionMask = 2147483647;
			files = (
				F3DB480E2A2E2EE800AF80AA /* LaunchScreen.storyboard in Resources */,
				F3DB480B2A2E2EE800AF80AA /* Assets.xcassets in Resources */,
			);
			runOnlyForDeploymentPostprocessing = 0;
		};
		F3DB48122A2E2EE800AF80AA /* Resources */ = {
			isa = PBXResourcesBuildPhase;
			buildActionMask = 2147483647;
			files = (
			);
			runOnlyForDeploymentPostprocessing = 0;
		};
		F3DB481C2A2E2EE800AF80AA /* Resources */ = {
			isa = PBXResourcesBuildPhase;
			buildActionMask = 2147483647;
			files = (
			);
			runOnlyForDeploymentPostprocessing = 0;
		};
/* End PBXResourcesBuildPhase section */

/* Begin PBXSourcesBuildPhase section */
		F3DB47FA2A2E2EE400AF80AA /* Sources */ = {
			isa = PBXSourcesBuildPhase;
			buildActionMask = 2147483647;
			files = (
				F3E7769E2A2FA04F0053EFE4 /* CompanyProfileViewModal.swift in Sources */,
				F3DB48022A2E2EE400AF80AA /* AppDelegate.swift in Sources */,
				F3E776A62A2FA2660053EFE4 /* CompanyProfileViewController.swift in Sources */,
				F3E776AC2A311BED0053EFE4 /* Utility.swift in Sources */,
				F3E776892A2F35340053EFE4 /* WebSocketClient.swift in Sources */,
				F3E776932A2F4CF40053EFE4 /* CompanyListViewModel.swift in Sources */,
				F3E776982A2F70CD0053EFE4 /* CompanyListCellViewModal.swift in Sources */,
				F3E776902A2F3D620053EFE4 /* MainTableViewCell.swift in Sources */,
				F3DB48042A2E2EE400AF80AA /* SceneDelegate.swift in Sources */,
				F3E776962A2F4D3C0053EFE4 /* Modals.swift in Sources */,
				F3E776A32A2FA1EA0053EFE4 /* MainScreenViewController.swift in Sources */,
				F3E776B42A31D28A0053EFE4 /* Constants.swift in Sources */,
			);
			runOnlyForDeploymentPostprocessing = 0;
		};
		F3DB48102A2E2EE800AF80AA /* Sources */ = {
			isa = PBXSourcesBuildPhase;
			buildActionMask = 2147483647;
			files = (
				F38558EA2A32683600482C10 /* CompanyProfileViewModalTests.swift in Sources */,
				F3E776AE2A31235C0053EFE4 /* UtilityTests.swift in Sources */,
				F3E7769C2A2F91F30053EFE4 /* CompanyListCellViewModelTests.swift in Sources */,
				F3E7769A2A2F8F420053EFE4 /* CompanyListViewModelTests.swift in Sources */,
			);
			runOnlyForDeploymentPostprocessing = 0;
		};
		F3DB481A2A2E2EE800AF80AA /* Sources */ = {
			isa = PBXSourcesBuildPhase;
			buildActionMask = 2147483647;
			files = (
				F3DB48252A2E2EE800AF80AA /* Trading_AppUITestsLaunchTests.swift in Sources */,
				F3DB48232A2E2EE800AF80AA /* Trading_AppUITests.swift in Sources */,
			);
			runOnlyForDeploymentPostprocessing = 0;
		};
/* End PBXSourcesBuildPhase section */

/* Begin PBXTargetDependency section */
		F3DB48162A2E2EE800AF80AA /* PBXTargetDependency */ = {
			isa = PBXTargetDependency;
			target = F3DB47FD2A2E2EE400AF80AA /* Trading App */;
			targetProxy = F3DB48152A2E2EE800AF80AA /* PBXContainerItemProxy */;
		};
		F3DB48202A2E2EE800AF80AA /* PBXTargetDependency */ = {
			isa = PBXTargetDependency;
			target = F3DB47FD2A2E2EE400AF80AA /* Trading App */;
			targetProxy = F3DB481F2A2E2EE800AF80AA /* PBXContainerItemProxy */;
		};
/* End PBXTargetDependency section */

/* Begin PBXVariantGroup section */
		F3DB480C2A2E2EE800AF80AA /* LaunchScreen.storyboard */ = {
			isa = PBXVariantGroup;
			children = (
				F3DB480D2A2E2EE800AF80AA /* Base */,
			);
			name = LaunchScreen.storyboard;
			sourceTree = "<group>";
		};
/* End PBXVariantGroup section */

/* Begin XCBuildConfiguration section */
		F3DB48262A2E2EE800AF80AA /* Debug */ = {
			isa = XCBuildConfiguration;
			buildSettings = {
				ALWAYS_SEARCH_USER_PATHS = NO;
				CLANG_ANALYZER_NONNULL = YES;
				CLANG_ANALYZER_NUMBER_OBJECT_CONVERSION = YES_AGGRESSIVE;
				CLANG_CXX_LANGUAGE_STANDARD = "gnu++20";
				CLANG_ENABLE_MODULES = YES;
				CLANG_ENABLE_OBJC_ARC = YES;
				CLANG_ENABLE_OBJC_WEAK = YES;
				CLANG_WARN_BLOCK_CAPTURE_AUTORELEASING = YES;
				CLANG_WARN_BOOL_CONVERSION = YES;
				CLANG_WARN_COMMA = YES;
				CLANG_WARN_CONSTANT_CONVERSION = YES;
				CLANG_WARN_DEPRECATED_OBJC_IMPLEMENTATIONS = YES;
				CLANG_WARN_DIRECT_OBJC_ISA_USAGE = YES_ERROR;
				CLANG_WARN_DOCUMENTATION_COMMENTS = YES;
				CLANG_WARN_EMPTY_BODY = YES;
				CLANG_WARN_ENUM_CONVERSION = YES;
				CLANG_WARN_INFINITE_RECURSION = YES;
				CLANG_WARN_INT_CONVERSION = YES;
				CLANG_WARN_NON_LITERAL_NULL_CONVERSION = YES;
				CLANG_WARN_OBJC_IMPLICIT_RETAIN_SELF = YES;
				CLANG_WARN_OBJC_LITERAL_CONVERSION = YES;
				CLANG_WARN_OBJC_ROOT_CLASS = YES_ERROR;
				CLANG_WARN_QUOTED_INCLUDE_IN_FRAMEWORK_HEADER = YES;
				CLANG_WARN_RANGE_LOOP_ANALYSIS = YES;
				CLANG_WARN_STRICT_PROTOTYPES = YES;
				CLANG_WARN_SUSPICIOUS_MOVE = YES;
				CLANG_WARN_UNGUARDED_AVAILABILITY = YES_AGGRESSIVE;
				CLANG_WARN_UNREACHABLE_CODE = YES;
				CLANG_WARN__DUPLICATE_METHOD_MATCH = YES;
				COPY_PHASE_STRIP = NO;
				DEBUG_INFORMATION_FORMAT = dwarf;
				ENABLE_STRICT_OBJC_MSGSEND = YES;
				ENABLE_TESTABILITY = YES;
				GCC_C_LANGUAGE_STANDARD = gnu11;
				GCC_DYNAMIC_NO_PIC = NO;
				GCC_NO_COMMON_BLOCKS = YES;
				GCC_OPTIMIZATION_LEVEL = 0;
				GCC_PREPROCESSOR_DEFINITIONS = (
					"DEBUG=1",
					"$(inherited)",
				);
				GCC_WARN_64_TO_32_BIT_CONVERSION = YES;
				GCC_WARN_ABOUT_RETURN_TYPE = YES_ERROR;
				GCC_WARN_UNDECLARED_SELECTOR = YES;
				GCC_WARN_UNINITIALIZED_AUTOS = YES_AGGRESSIVE;
				GCC_WARN_UNUSED_FUNCTION = YES;
				GCC_WARN_UNUSED_VARIABLE = YES;
				IPHONEOS_DEPLOYMENT_TARGET = 13.0;
				MTL_ENABLE_DEBUG_INFO = INCLUDE_SOURCE;
				MTL_FAST_MATH = YES;
				ONLY_ACTIVE_ARCH = YES;
				SDKROOT = iphoneos;
				SWIFT_ACTIVE_COMPILATION_CONDITIONS = DEBUG;
				SWIFT_OPTIMIZATION_LEVEL = "-Onone";
			};
			name = Debug;
		};
		F3DB48272A2E2EE800AF80AA /* Release */ = {
			isa = XCBuildConfiguration;
			buildSettings = {
				ALWAYS_SEARCH_USER_PATHS = NO;
				CLANG_ANALYZER_NONNULL = YES;
				CLANG_ANALYZER_NUMBER_OBJECT_CONVERSION = YES_AGGRESSIVE;
				CLANG_CXX_LANGUAGE_STANDARD = "gnu++20";
				CLANG_ENABLE_MODULES = YES;
				CLANG_ENABLE_OBJC_ARC = YES;
				CLANG_ENABLE_OBJC_WEAK = YES;
				CLANG_WARN_BLOCK_CAPTURE_AUTORELEASING = YES;
				CLANG_WARN_BOOL_CONVERSION = YES;
				CLANG_WARN_COMMA = YES;
				CLANG_WARN_CONSTANT_CONVERSION = YES;
				CLANG_WARN_DEPRECATED_OBJC_IMPLEMENTATIONS = YES;
				CLANG_WARN_DIRECT_OBJC_ISA_USAGE = YES_ERROR;
				CLANG_WARN_DOCUMENTATION_COMMENTS = YES;
				CLANG_WARN_EMPTY_BODY = YES;
				CLANG_WARN_ENUM_CONVERSION = YES;
				CLANG_WARN_INFINITE_RECURSION = YES;
				CLANG_WARN_INT_CONVERSION = YES;
				CLANG_WARN_NON_LITERAL_NULL_CONVERSION = YES;
				CLANG_WARN_OBJC_IMPLICIT_RETAIN_SELF = YES;
				CLANG_WARN_OBJC_LITERAL_CONVERSION = YES;
				CLANG_WARN_OBJC_ROOT_CLASS = YES_ERROR;
				CLANG_WARN_QUOTED_INCLUDE_IN_FRAMEWORK_HEADER = YES;
				CLANG_WARN_RANGE_LOOP_ANALYSIS = YES;
				CLANG_WARN_STRICT_PROTOTYPES = YES;
				CLANG_WARN_SUSPICIOUS_MOVE = YES;
				CLANG_WARN_UNGUARDED_AVAILABILITY = YES_AGGRESSIVE;
				CLANG_WARN_UNREACHABLE_CODE = YES;
				CLANG_WARN__DUPLICATE_METHOD_MATCH = YES;
				COPY_PHASE_STRIP = NO;
				DEBUG_INFORMATION_FORMAT = "dwarf-with-dsym";
				ENABLE_NS_ASSERTIONS = NO;
				ENABLE_STRICT_OBJC_MSGSEND = YES;
				GCC_C_LANGUAGE_STANDARD = gnu11;
				GCC_NO_COMMON_BLOCKS = YES;
				GCC_WARN_64_TO_32_BIT_CONVERSION = YES;
				GCC_WARN_ABOUT_RETURN_TYPE = YES_ERROR;
				GCC_WARN_UNDECLARED_SELECTOR = YES;
				GCC_WARN_UNINITIALIZED_AUTOS = YES_AGGRESSIVE;
				GCC_WARN_UNUSED_FUNCTION = YES;
				GCC_WARN_UNUSED_VARIABLE = YES;
				IPHONEOS_DEPLOYMENT_TARGET = 13.0;
				MTL_ENABLE_DEBUG_INFO = NO;
				MTL_FAST_MATH = YES;
				SDKROOT = iphoneos;
				SWIFT_COMPILATION_MODE = wholemodule;
				SWIFT_OPTIMIZATION_LEVEL = "-O";
				VALIDATE_PRODUCT = YES;
			};
			name = Release;
		};
		F3DB48292A2E2EE800AF80AA /* Debug */ = {
			isa = XCBuildConfiguration;
			buildSettings = {
				ASSETCATALOG_COMPILER_APPICON_NAME = AppIcon;
				ASSETCATALOG_COMPILER_GLOBAL_ACCENT_COLOR_NAME = AccentColor;
				CODE_SIGN_STYLE = Automatic;
				CURRENT_PROJECT_VERSION = 1;
				GENERATE_INFOPLIST_FILE = YES;
				INFOPLIST_FILE = "Trading App/Info.plist";
				INFOPLIST_KEY_UIApplicationSupportsIndirectInputEvents = YES;
				INFOPLIST_KEY_UILaunchStoryboardName = LaunchScreen;
				INFOPLIST_KEY_UISupportedInterfaceOrientations_iPad = "UIInterfaceOrientationPortrait UIInterfaceOrientationPortraitUpsideDown UIInterfaceOrientationLandscapeLeft UIInterfaceOrientationLandscapeRight";
				INFOPLIST_KEY_UISupportedInterfaceOrientations_iPhone = "UIInterfaceOrientationPortrait UIInterfaceOrientationLandscapeLeft UIInterfaceOrientationLandscapeRight";
				IPHONEOS_DEPLOYMENT_TARGET = 15.0;
				LD_RUNPATH_SEARCH_PATHS = (
					"$(inherited)",
					"@executable_path/Frameworks",
				);
				MARKETING_VERSION = 1.0;
				PRODUCT_BUNDLE_IDENTIFIER = "com.my.Trading-App";
				PRODUCT_NAME = "$(TARGET_NAME)";
				SWIFT_EMIT_LOC_STRINGS = YES;
				SWIFT_VERSION = 5.0;
				TARGETED_DEVICE_FAMILY = "1,2";
			};
			name = Debug;
		};
		F3DB482A2A2E2EE800AF80AA /* Release */ = {
			isa = XCBuildConfiguration;
			buildSettings = {
				ASSETCATALOG_COMPILER_APPICON_NAME = AppIcon;
				ASSETCATALOG_COMPILER_GLOBAL_ACCENT_COLOR_NAME = AccentColor;
				CODE_SIGN_STYLE = Automatic;
				CURRENT_PROJECT_VERSION = 1;
				GENERATE_INFOPLIST_FILE = YES;
				INFOPLIST_FILE = "Trading App/Info.plist";
				INFOPLIST_KEY_UIApplicationSupportsIndirectInputEvents = YES;
				INFOPLIST_KEY_UILaunchStoryboardName = LaunchScreen;
				INFOPLIST_KEY_UISupportedInterfaceOrientations_iPad = "UIInterfaceOrientationPortrait UIInterfaceOrientationPortraitUpsideDown UIInterfaceOrientationLandscapeLeft UIInterfaceOrientationLandscapeRight";
				INFOPLIST_KEY_UISupportedInterfaceOrientations_iPhone = "UIInterfaceOrientationPortrait UIInterfaceOrientationLandscapeLeft UIInterfaceOrientationLandscapeRight";
				IPHONEOS_DEPLOYMENT_TARGET = 15.0;
				LD_RUNPATH_SEARCH_PATHS = (
					"$(inherited)",
					"@executable_path/Frameworks",
				);
				MARKETING_VERSION = 1.0;
				PRODUCT_BUNDLE_IDENTIFIER = "com.my.Trading-App";
				PRODUCT_NAME = "$(TARGET_NAME)";
				SWIFT_EMIT_LOC_STRINGS = YES;
				SWIFT_VERSION = 5.0;
				TARGETED_DEVICE_FAMILY = "1,2";
			};
			name = Release;
		};
		F3DB482C2A2E2EE800AF80AA /* Debug */ = {
			isa = XCBuildConfiguration;
			buildSettings = {
				ALWAYS_EMBED_SWIFT_STANDARD_LIBRARIES = YES;
				BUNDLE_LOADER = "$(TEST_HOST)";
				CODE_SIGN_STYLE = Automatic;
				CURRENT_PROJECT_VERSION = 1;
				GENERATE_INFOPLIST_FILE = YES;
				IPHONEOS_DEPLOYMENT_TARGET = 16.2;
				MARKETING_VERSION = 1.0;
				PRODUCT_BUNDLE_IDENTIFIER = "com.my.Trading-AppTests";
				PRODUCT_NAME = "$(TARGET_NAME)";
				SWIFT_EMIT_LOC_STRINGS = NO;
				SWIFT_VERSION = 5.0;
				TARGETED_DEVICE_FAMILY = "1,2";
				TEST_HOST = "$(BUILT_PRODUCTS_DIR)/Trading App.app/Trading App";
			};
			name = Debug;
		};
		F3DB482D2A2E2EE800AF80AA /* Release */ = {
			isa = XCBuildConfiguration;
			buildSettings = {
				ALWAYS_EMBED_SWIFT_STANDARD_LIBRARIES = YES;
				BUNDLE_LOADER = "$(TEST_HOST)";
				CODE_SIGN_STYLE = Automatic;
				CURRENT_PROJECT_VERSION = 1;
				GENERATE_INFOPLIST_FILE = YES;
				IPHONEOS_DEPLOYMENT_TARGET = 16.2;
				MARKETING_VERSION = 1.0;
				PRODUCT_BUNDLE_IDENTIFIER = "com.my.Trading-AppTests";
				PRODUCT_NAME = "$(TARGET_NAME)";
				SWIFT_EMIT_LOC_STRINGS = NO;
				SWIFT_VERSION = 5.0;
				TARGETED_DEVICE_FAMILY = "1,2";
				TEST_HOST = "$(BUILT_PRODUCTS_DIR)/Trading App.app/Trading App";
			};
			name = Release;
		};
		F3DB482F2A2E2EE800AF80AA /* Debug */ = {
			isa = XCBuildConfiguration;
			buildSettings = {
				ALWAYS_EMBED_SWIFT_STANDARD_LIBRARIES = YES;
				CODE_SIGN_STYLE = Automatic;
				CURRENT_PROJECT_VERSION = 1;
				GENERATE_INFOPLIST_FILE = YES;
				MARKETING_VERSION = 1.0;
				PRODUCT_BUNDLE_IDENTIFIER = "com.my.Trading-AppUITests";
				PRODUCT_NAME = "$(TARGET_NAME)";
				SWIFT_EMIT_LOC_STRINGS = NO;
				SWIFT_VERSION = 5.0;
				TARGETED_DEVICE_FAMILY = "1,2";
				TEST_TARGET_NAME = "Trading App";
			};
			name = Debug;
		};
		F3DB48302A2E2EE800AF80AA /* Release */ = {
			isa = XCBuildConfiguration;
			buildSettings = {
				ALWAYS_EMBED_SWIFT_STANDARD_LIBRARIES = YES;
				CODE_SIGN_STYLE = Automatic;
				CURRENT_PROJECT_VERSION = 1;
				GENERATE_INFOPLIST_FILE = YES;
				MARKETING_VERSION = 1.0;
				PRODUCT_BUNDLE_IDENTIFIER = "com.my.Trading-AppUITests";
				PRODUCT_NAME = "$(TARGET_NAME)";
				SWIFT_EMIT_LOC_STRINGS = NO;
				SWIFT_VERSION = 5.0;
				TARGETED_DEVICE_FAMILY = "1,2";
				TEST_TARGET_NAME = "Trading App";
			};
			name = Release;
		};
/* End XCBuildConfiguration section */

/* Begin XCConfigurationList section */
		F3DB47F92A2E2EE400AF80AA /* Build configuration list for PBXProject "Trading App" */ = {
			isa = XCConfigurationList;
			buildConfigurations = (
				F3DB48262A2E2EE800AF80AA /* Debug */,
				F3DB48272A2E2EE800AF80AA /* Release */,
			);
			defaultConfigurationIsVisible = 0;
			defaultConfigurationName = Release;
		};
		F3DB48282A2E2EE800AF80AA /* Build configuration list for PBXNativeTarget "Trading App" */ = {
			isa = XCConfigurationList;
			buildConfigurations = (
				F3DB48292A2E2EE800AF80AA /* Debug */,
				F3DB482A2A2E2EE800AF80AA /* Release */,
			);
			defaultConfigurationIsVisible = 0;
			defaultConfigurationName = Release;
		};
		F3DB482B2A2E2EE800AF80AA /* Build configuration list for PBXNativeTarget "Trading AppTests" */ = {
			isa = XCConfigurationList;
			buildConfigurations = (
				F3DB482C2A2E2EE800AF80AA /* Debug */,
				F3DB482D2A2E2EE800AF80AA /* Release */,
			);
			defaultConfigurationIsVisible = 0;
			defaultConfigurationName = Release;
		};
		F3DB482E2A2E2EE800AF80AA /* Build configuration list for PBXNativeTarget "Trading AppUITests" */ = {
			isa = XCConfigurationList;
			buildConfigurations = (
				F3DB482F2A2E2EE800AF80AA /* Debug */,
				F3DB48302A2E2EE800AF80AA /* Release */,
			);
			defaultConfigurationIsVisible = 0;
			defaultConfigurationName = Release;
		};
/* End XCConfigurationList section */

/* Begin XCRemoteSwiftPackageReference section */
		F3E776A72A307FBF0053EFE4 /* XCRemoteSwiftPackageReference "NetworkManager" */ = {
			isa = XCRemoteSwiftPackageReference;
			repositoryURL = "https://github.com/scorpionsPD/NetworkManager";
			requirement = {
				branch = main;
				kind = branch;
			};
		};
		F3E776AF2A31CD950053EFE4 /* XCRemoteSwiftPackageReference "Starscream" */ = {
			isa = XCRemoteSwiftPackageReference;
			repositoryURL = "https://github.com/daltoniam/Starscream.git";
			requirement = {
				branch = master;
				kind = branch;
			};
		};
/* End XCRemoteSwiftPackageReference section */

/* Begin XCSwiftPackageProductDependency section */
		F3E776A82A307FBF0053EFE4 /* NetworkManager */ = {
			isa = XCSwiftPackageProductDependency;
			package = F3E776A72A307FBF0053EFE4 /* XCRemoteSwiftPackageReference "NetworkManager" */;
			productName = NetworkManager;
		};
		F3E776B02A31CD950053EFE4 /* Starscream */ = {
			isa = XCSwiftPackageProductDependency;
			package = F3E776AF2A31CD950053EFE4 /* XCRemoteSwiftPackageReference "Starscream" */;
			productName = Starscream;
		};
/* End XCSwiftPackageProductDependency section */
	};
	rootObject = F3DB47F62A2E2EE400AF80AA /* Project object */;
}
